
Microsoft Visual Studio Solution File, Format Version 12.00
# Visual Studio Version 16
VisualStudioVersion = 16.0.29509.3
MinimumVisualStudioVersion = 10.0.40219.1
Project("{FAE04EC0-301F-11D3-BF4B-00C04F79EFBC}") = "Gladiator Manager", "Gladiator Manager\Gladiator Manager.csproj", "{9625532C-533B-491B-8E62-D841B45A7D44}"
EndProject
Global
	GlobalSection(SolutionConfigurationPlatforms) = preSolution
		Debug|Any CPU = Debug|Any CPU
		Release|Any CPU = Release|Any CPU
	EndGlobalSection
	GlobalSection(ProjectConfigurationPlatforms) = postSolution
		{9625532C-533B-491B-8E62-D841B45A7D44}.Debug|Any CPU.ActiveCfg = Debug|Any CPU
		{9625532C-533B-491B-8E62-D841B45A7D44}.Debug|Any CPU.Build.0 = Debug|Any CPU
		{9625532C-533B-491B-8E62-D841B45A7D44}.Release|Any CPU.ActiveCfg = Release|Any CPU
		{9625532C-533B-491B-8E62-D841B45A7D44}.Release|Any CPU.Build.0 = Release|Any CPU
	EndGlobalSection
	GlobalSection(SolutionProperties) = preSolution
		HideSolutionNode = FALSE
	EndGlobalSection
	GlobalSection(ExtensibilityGlobals) = postSolution
		SolutionGuid = {C21A3D29-D21F-4DBC-A404-198B76EE104A}
	EndGlobalSection
EndGlobal
